// !$*UTF8*$!
{
	archiveVersion = 1;
	classes = {
	};
	objectVersion = 46;
	objects = {

/* Begin PBXBuildFile section */
		FA9880D31B41A6E4005CEBF5 /* main.m in Sources */ = {isa = PBXBuildFile; fileRef = FA9880D21B41A6E4005CEBF5 /* main.m */; };
		FA9880D61B41A6E4005CEBF5 /* AppDelegate.m in Sources */ = {isa = PBXBuildFile; fileRef = FA9880D51B41A6E4005CEBF5 /* AppDelegate.m */; };
		FA9880D91B41A6E4005CEBF5 /* EveryDo.xcdatamodeld in Sources */ = {isa = PBXBuildFile; fileRef = FA9880D71B41A6E4005CEBF5 /* EveryDo.xcdatamodeld */; };
		FA9880DC1B41A6E4005CEBF5 /* MasterViewController.m in Sources */ = {isa = PBXBuildFile; fileRef = FA9880DB1B41A6E4005CEBF5 /* MasterViewController.m */; };
		FA9880DF1B41A6E4005CEBF5 /* DetailViewController.m in Sources */ = {isa = PBXBuildFile; fileRef = FA9880DE1B41A6E4005CEBF5 /* DetailViewController.m */; };
		FA9880E21B41A6E4005CEBF5 /* Main.storyboard in Resources */ = {isa = PBXBuildFile; fileRef = FA9880E01B41A6E4005CEBF5 /* Main.storyboard */; };
		FA9880E41B41A6E4005CEBF5 /* Images.xcassets in Resources */ = {isa = PBXBuildFile; fileRef = FA9880E31B41A6E4005CEBF5 /* Images.xcassets */; };
		FA9880E71B41A6E4005CEBF5 /* LaunchScreen.xib in Resources */ = {isa = PBXBuildFile; fileRef = FA9880E51B41A6E4005CEBF5 /* LaunchScreen.xib */; };
		FA9880F31B41A6E4005CEBF5 /* EveryDoTests.m in Sources */ = {isa = PBXBuildFile; fileRef = FA9880F21B41A6E4005CEBF5 /* EveryDoTests.m */; };
		FA9881071B42229E005CEBF5 /* ToDo.m in Sources */ = {isa = PBXBuildFile; fileRef = FA9881061B42229E005CEBF5 /* ToDo.m */; };
/* End PBXBuildFile section */

/* Begin PBXContainerItemProxy section */
		FA9880ED1B41A6E4005CEBF5 /* PBXContainerItemProxy */ = {
			isa = PBXContainerItemProxy;
			containerPortal = FA9880C51B41A6E4005CEBF5 /* Project object */;
			proxyType = 1;
			remoteGlobalIDString = FA9880CC1B41A6E4005CEBF5;
			remoteInfo = EveryDo;
		};
/* End PBXContainerItemProxy section */

/* Begin PBXFileReference section */
		FA9880CD1B41A6E4005CEBF5 /* EveryDo.app */ = {isa = PBXFileReference; explicitFileType = wrapper.application; includeInIndex = 0; path = EveryDo.app; sourceTree = BUILT_PRODUCTS_DIR; };
		FA9880D11B41A6E4005CEBF5 /* Info.plist */ = {isa = PBXFileReference; lastKnownFileType = text.plist.xml; path = Info.plist; sourceTree = "<group>"; };
		FA9880D21B41A6E4005CEBF5 /* main.m */ = {isa = PBXFileReference; lastKnownFileType = sourcecode.c.objc; path = main.m; sourceTree = "<group>"; };
		FA9880D41B41A6E4005CEBF5 /* AppDelegate.h */ = {isa = PBXFileReference; lastKnownFileType = sourcecode.c.h; path = AppDelegate.h; sourceTree = "<group>"; };
		FA9880D51B41A6E4005CEBF5 /* AppDelegate.m */ = {isa = PBXFileReference; lastKnownFileType = sourcecode.c.objc; path = AppDelegate.m; sourceTree = "<group>"; };
		FA9880D81B41A6E4005CEBF5 /* EveryDo.xcdatamodel */ = {isa = PBXFileReference; lastKnownFileType = wrapper.xcdatamodel; path = EveryDo.xcdatamodel; sourceTree = "<group>"; };
		FA9880DA1B41A6E4005CEBF5 /* MasterViewController.h */ = {isa = PBXFileReference; lastKnownFileType = sourcecode.c.h; path = MasterViewController.h; sourceTree = "<group>"; };
		FA9880DB1B41A6E4005CEBF5 /* MasterViewController.m */ = {isa = PBXFileReference; lastKnownFileType = sourcecode.c.objc; path = MasterViewController.m; sourceTree = "<group>"; };
		FA9880DD1B41A6E4005CEBF5 /* DetailViewController.h */ = {isa = PBXFileReference; lastKnownFileType = sourcecode.c.h; path = DetailViewController.h; sourceTree = "<group>"; };
		FA9880DE1B41A6E4005CEBF5 /* DetailViewController.m */ = {isa = PBXFileReference; lastKnownFileType = sourcecode.c.objc; path = DetailViewController.m; sourceTree = "<group>"; };
		FA9880E11B41A6E4005CEBF5 /* Base */ = {isa = PBXFileReference; lastKnownFileType = file.storyboard; name = Base; path = Base.lproj/Main.storyboard; sourceTree = "<group>"; };
		FA9880E31B41A6E4005CEBF5 /* Images.xcassets */ = {isa = PBXFileReference; lastKnownFileType = folder.assetcatalog; path = Images.xcassets; sourceTree = "<group>"; };
		FA9880E61B41A6E4005CEBF5 /* Base */ = {isa = PBXFileReference; lastKnownFileType = file.xib; name = Base; path = Base.lproj/LaunchScreen.xib; sourceTree = "<group>"; };
		FA9880EC1B41A6E4005CEBF5 /* EveryDoTests.xctest */ = {isa = PBXFileReference; explicitFileType = wrapper.cfbundle; includeInIndex = 0; path = EveryDoTests.xctest; sourceTree = BUILT_PRODUCTS_DIR; };
		FA9880F11B41A6E4005CEBF5 /* Info.plist */ = {isa = PBXFileReference; lastKnownFileType = text.plist.xml; path = Info.plist; sourceTree = "<group>"; };
		FA9880F21B41A6E4005CEBF5 /* EveryDoTests.m */ = {isa = PBXFileReference; lastKnownFileType = sourcecode.c.objc; path = EveryDoTests.m; sourceTree = "<group>"; };
		FA9881051B422298005CEBF5 /* ToDo.h */ = {isa = PBXFileReference; lastKnownFileType = sourcecode.c.h; path = ToDo.h; sourceTree = "<group>"; };
		FA9881061B42229E005CEBF5 /* ToDo.m */ = {isa = PBXFileReference; fileEncoding = 4; lastKnownFileType = sourcecode.c.objc; path = ToDo.m; sourceTree = "<group>"; };
/* End PBXFileReference section */

/* Begin PBXFrameworksBuildPhase section */
		FA9880CA1B41A6E4005CEBF5 /* Frameworks */ = {
			isa = PBXFrameworksBuildPhase;
			buildActionMask = 2147483647;
			files = (
			);
			runOnlyForDeploymentPostprocessing = 0;
		};
		FA9880E91B41A6E4005CEBF5 /* Frameworks */ = {
			isa = PBXFrameworksBuildPhase;
			buildActionMask = 2147483647;
			files = (
			);
			runOnlyForDeploymentPostprocessing = 0;
		};
/* End PBXFrameworksBuildPhase section */

/* Begin PBXGroup section */
		FA9880C41B41A6E4005CEBF5 = {
			isa = PBXGroup;
			children = (
				FA9880CF1B41A6E4005CEBF5 /* EveryDo */,
				FA9880EF1B41A6E4005CEBF5 /* EveryDoTests */,
				FA9880CE1B41A6E4005CEBF5 /* Products */,
			);
			sourceTree = "<group>";
		};
		FA9880CE1B41A6E4005CEBF5 /* Products */ = {
			isa = PBXGroup;
			children = (
				FA9880CD1B41A6E4005CEBF5 /* EveryDo.app */,
				FA9880EC1B41A6E4005CEBF5 /* EveryDoTests.xctest */,
			);
			name = Products;
			sourceTree = "<group>";
		};
		FA9880CF1B41A6E4005CEBF5 /* EveryDo */ = {
			isa = PBXGroup;
			children = (
				FA9880D41B41A6E4005CEBF5 /* AppDelegate.h */,
				FA9880D51B41A6E4005CEBF5 /* AppDelegate.m */,
				FA9881051B422298005CEBF5 /* ToDo.h */,
				FA9881061B42229E005CEBF5 /* ToDo.m */,
				FA9880DA1B41A6E4005CEBF5 /* MasterViewController.h */,
				FA9880DB1B41A6E4005CEBF5 /* MasterViewController.m */,
				FA9880DD1B41A6E4005CEBF5 /* DetailViewController.h */,
				FA9880DE1B41A6E4005CEBF5 /* DetailViewController.m */,
				FA9880E01B41A6E4005CEBF5 /* Main.storyboard */,
				FA9880E31B41A6E4005CEBF5 /* Images.xcassets */,
				FA9880E51B41A6E4005CEBF5 /* LaunchScreen.xib */,
				FA9880D71B41A6E4005CEBF5 /* EveryDo.xcdatamodeld */,
				FA9880D01B41A6E4005CEBF5 /* Supporting Files */,
			);
			path = EveryDo;
			sourceTree = "<group>";
		};
		FA9880D01B41A6E4005CEBF5 /* Supporting Files */ = {
			isa = PBXGroup;
			children = (
				FA9880D11B41A6E4005CEBF5 /* Info.plist */,
				FA9880D21B41A6E4005CEBF5 /* main.m */,
			);
			name = "Supporting Files";
			sourceTree = "<group>";
		};
		FA9880EF1B41A6E4005CEBF5 /* EveryDoTests */ = {
			isa = PBXGroup;
			children = (
				FA9880F21B41A6E4005CEBF5 /* EveryDoTests.m */,
				FA9880F01B41A6E4005CEBF5 /* Supporting Files */,
			);
			path = EveryDoTests;
			sourceTree = "<group>";
		};
		FA9880F01B41A6E4005CEBF5 /* Supporting Files */ = {
			isa = PBXGroup;
			children = (
				FA9880F11B41A6E4005CEBF5 /* Info.plist */,
			);
			name = "Supporting Files";
			sourceTree = "<group>";
		};
/* End PBXGroup section */

/* Begin PBXNativeTarget section */
		FA9880CC1B41A6E4005CEBF5 /* EveryDo */ = {
			isa = PBXNativeTarget;
			buildConfigurationList = FA9880F61B41A6E4005CEBF5 /* Build configuration list for PBXNativeTarget "EveryDo" */;
			buildPhases = (
				FA9880C91B41A6E4005CEBF5 /* Sources */,
				FA9880CA1B41A6E4005CEBF5 /* Frameworks */,
				FA9880CB1B41A6E4005CEBF5 /* Resources */,
			);
			buildRules = (
			);
			dependencies = (
			);
			name = EveryDo;
			productName = EveryDo;
			productReference = FA9880CD1B41A6E4005CEBF5 /* EveryDo.app */;
			productType = "com.apple.product-type.application";
		};
		FA9880EB1B41A6E4005CEBF5 /* EveryDoTests */ = {
			isa = PBXNativeTarget;
			buildConfigurationList = FA9880F91B41A6E4005CEBF5 /* Build configuration list for PBXNativeTarget "EveryDoTests" */;
			buildPhases = (
				FA9880E81B41A6E4005CEBF5 /* Sources */,
				FA9880E91B41A6E4005CEBF5 /* Frameworks */,
				FA9880EA1B41A6E4005CEBF5 /* Resources */,
			);
			buildRules = (
			);
			dependencies = (
				FA9880EE1B41A6E4005CEBF5 /* PBXTargetDependency */,
			);
			name = EveryDoTests;
			productName = EveryDoTests;
			productReference = FA9880EC1B41A6E4005CEBF5 /* EveryDoTests.xctest */;
			productType = "com.apple.product-type.bundle.unit-test";
		};
/* End PBXNativeTarget section */

/* Begin PBXProject section */
		FA9880C51B41A6E4005CEBF5 /* Project object */ = {
			isa = PBXProject;
			attributes = {
				LastUpgradeCheck = 0630;
				ORGANIZATIONNAME = Alex;
				TargetAttributes = {
					FA9880CC1B41A6E4005CEBF5 = {
						CreatedOnToolsVersion = 6.3.1;
					};
					FA9880EB1B41A6E4005CEBF5 = {
						CreatedOnToolsVersion = 6.3.1;
						TestTargetID = FA9880CC1B41A6E4005CEBF5;
					};
				};
			};
			buildConfigurationList = FA9880C81B41A6E4005CEBF5 /* Build configuration list for PBXProject "EveryDo" */;
			compatibilityVersion = "Xcode 3.2";
			developmentRegion = English;
			hasScannedForEncodings = 0;
			knownRegions = (
				en,
				Base,
			);
			mainGroup = FA9880C41B41A6E4005CEBF5;
			productRefGroup = FA9880CE1B41A6E4005CEBF5 /* Products */;
			projectDirPath = "";
			projectRoot = "";
			targets = (
				FA9880CC1B41A6E4005CEBF5 /* EveryDo */,
				FA9880EB1B41A6E4005CEBF5 /* EveryDoTests */,
			);
		};
/* End PBXProject section */

/* Begin PBXResourcesBuildPhase section */
		FA9880CB1B41A6E4005CEBF5 /* Resources */ = {
			isa = PBXResourcesBuildPhase;
			buildActionMask = 2147483647;
			files = (
				FA9880E21B41A6E4005CEBF5 /* Main.storyboard in Resources */,
				FA9880E71B41A6E4005CEBF5 /* LaunchScreen.xib in Resources */,
				FA9880E41B41A6E4005CEBF5 /* Images.xcassets in Resources */,
			);
			runOnlyForDeploymentPostprocessing = 0;
		};
		FA9880EA1B41A6E4005CEBF5 /* Resources */ = {
			isa = PBXResourcesBuildPhase;
			buildActionMask = 2147483647;
			files = (
			);
			runOnlyForDeploymentPostprocessing = 0;
		};
/* End PBXResourcesBuildPhase section */

/* Begin PBXSourcesBuildPhase section */
		FA9880C91B41A6E4005CEBF5 /* Sources */ = {
			isa = PBXSourcesBuildPhase;
			buildActionMask = 2147483647;
			files = (
				FA9880DF1B41A6E4005CEBF5 /* DetailViewController.m in Sources */,
				FA9880DC1B41A6E4005CEBF5 /* MasterViewController.m in Sources */,
				FA9880D61B41A6E4005CEBF5 /* AppDelegate.m in Sources */,
				FA9880D31B41A6E4005CEBF5 /* main.m in Sources */,
				FA9880D91B41A6E4005CEBF5 /* EveryDo.xcdatamodeld in Sources */,
				FA9881071B42229E005CEBF5 /* ToDo.m in Sources */,
			);
			runOnlyForDeploymentPostprocessing = 0;
		};
		FA9880E81B41A6E4005CEBF5 /* Sources */ = {
			isa = PBXSourcesBuildPhase;
			buildActionMask = 2147483647;
			files = (
				FA9880F31B41A6E4005CEBF5 /* EveryDoTests.m in Sources */,
			);
			runOnlyForDeploymentPostprocessing = 0;
		};
/* End PBXSourcesBuildPhase section */

/* Begin PBXTargetDependency section */
		FA9880EE1B41A6E4005CEBF5 /* PBXTargetDependency */ = {
			isa = PBXTargetDependency;
			target = FA9880CC1B41A6E4005CEBF5 /* EveryDo */;
			targetProxy = FA9880ED1B41A6E4005CEBF5 /* PBXContainerItemProxy */;
		};
/* End PBXTargetDependency section */

/* Begin PBXVariantGroup section */
		FA9880E01B41A6E4005CEBF5 /* Main.storyboard */ = {
			isa = PBXVariantGroup;
			children = (
				FA9880E11B41A6E4005CEBF5 /* Base */,
			);
			name = Main.storyboard;
			sourceTree = "<group>";
		};
		FA9880E51B41A6E4005CEBF5 /* LaunchScreen.xib */ = {
			isa = PBXVariantGroup;
			children = (
				FA9880E61B41A6E4005CEBF5 /* Base */,
			);
			name = LaunchScreen.xib;
			sourceTree = "<group>";
		};
/* End PBXVariantGroup section */

/* Begin XCBuildConfiguration section */
		FA9880F41B41A6E4005CEBF5 /* Debug */ = {
			isa = XCBuildConfiguration;
			buildSettings = {
				ALWAYS_SEARCH_USER_PATHS = NO;
				CLANG_CXX_LANGUAGE_STANDARD = "gnu++0x";
				CLANG_CXX_LIBRARY = "libc++";
				CLANG_ENABLE_MODULES = YES;
				CLANG_ENABLE_OBJC_ARC = YES;
				CLANG_WARN_BOOL_CONVERSION = YES;
				CLANG_WARN_CONSTANT_CONVERSION = YES;
				CLANG_WARN_DIRECT_OBJC_ISA_USAGE = YES_ERROR;
				CLANG_WARN_EMPTY_BODY = YES;
				CLANG_WARN_ENUM_CONVERSION = YES;
				CLANG_WARN_INT_CONVERSION = YES;
				CLANG_WARN_OBJC_ROOT_CLASS = YES_ERROR;
				CLANG_WARN_UNREACHABLE_CODE = YES;
				CLANG_WARN__DUPLICATE_METHOD_MATCH = YES;
				"CODE_SIGN_IDENTITY[sdk=iphoneos*]" = "iPhone Developer";
				COPY_PHASE_STRIP = NO;
				DEBUG_INFORMATION_FORMAT = "dwarf-with-dsym";
				ENABLE_STRICT_OBJC_MSGSEND = YES;
				GCC_C_LANGUAGE_STANDARD = gnu99;
				GCC_DYNAMIC_NO_PIC = NO;
				GCC_NO_COMMON_BLOCKS = YES;
				GCC_OPTIMIZATION_LEVEL = 0;
				GCC_PREPROCESSOR_DEFINITIONS = (
					"DEBUG=1",
					"$(inherited)",
				);
				GCC_SYMBOLS_PRIVATE_EXTERN = NO;
				GCC_WARN_64_TO_32_BIT_CONVERSION = YES;
				GCC_WARN_ABOUT_RETURN_TYPE = YES_ERROR;
				GCC_WARN_UNDECLARED_SELECTOR = YES;
				GCC_WARN_UNINITIALIZED_AUTOS = YES_AGGRESSIVE;
				GCC_WARN_UNUSED_FUNCTION = YES;
				GCC_WARN_UNUSED_VARIABLE = YES;
				IPHONEOS_DEPLOYMENT_TARGET = 8.3;
				MTL_ENABLE_DEBUG_INFO = YES;
				ONLY_ACTIVE_ARCH = YES;
				SDKROOT = iphoneos;
			};
			name = Debug;
		};
		FA9880F51B41A6E4005CEBF5 /* Release */ = {
			isa = XCBuildConfiguration;
			buildSettings = {
				ALWAYS_SEARCH_USER_PATHS = NO;
				CLANG_CXX_LANGUAGE_STANDARD = "gnu++0x";
				CLANG_CXX_LIBRARY = "libc++";
				CLANG_ENABLE_MODULES = YES;
				CLANG_ENABLE_OBJC_ARC = YES;
				CLANG_WARN_BOOL_CONVERSION = YES;
				CLANG_WARN_CONSTANT_CONVERSION = YES;
				CLANG_WARN_DIRECT_OBJC_ISA_USAGE = YES_ERROR;
				CLANG_WARN_EMPTY_BODY = YES;
				CLANG_WARN_ENUM_CONVERSION = YES;
				CLANG_WARN_INT_CONVERSION = YES;
				CLANG_WARN_OBJC_ROOT_CLASS = YES_ERROR;
				CLANG_WARN_UNREACHABLE_CODE = YES;
				CLANG_WARN__DUPLICATE_METHOD_MATCH = YES;
				"CODE_SIGN_IDENTITY[sdk=iphoneos*]" = "iPhone Developer";
				COPY_PHASE_STRIP = NO;
				DEBUG_INFORMATION_FORMAT = "dwarf-with-dsym";
				ENABLE_NS_ASSERTIONS = NO;
				ENABLE_STRICT_OBJC_MSGSEND = YES;
				GCC_C_LANGUAGE_STANDARD = gnu99;
				GCC_NO_COMMON_BLOCKS = YES;
				GCC_WARN_64_TO_32_BIT_CONVERSION = YES;
				GCC_WARN_ABOUT_RETURN_TYPE = YES_ERROR;
				GCC_WARN_UNDECLARED_SELECTOR = YES;
				GCC_WARN_UNINITIALIZED_AUTOS = YES_AGGRESSIVE;
				GCC_WARN_UNUSED_FUNCTION = YES;
				GCC_WARN_UNUSED_VARIABLE = YES;
				IPHONEOS_DEPLOYMENT_TARGET = 8.3;
				MTL_ENABLE_DEBUG_INFO = NO;
				SDKROOT = iphoneos;
				VALIDATE_PRODUCT = YES;
			};
			name = Release;
		};
		FA9880F71B41A6E4005CEBF5 /* Debug */ = {
			isa = XCBuildConfiguration;
			buildSettings = {
				ASSETCATALOG_COMPILER_APPICON_NAME = AppIcon;
				INFOPLIST_FILE = EveryDo/Info.plist;
				LD_RUNPATH_SEARCH_PATHS = "$(inherited) @executable_path/Frameworks";
				PRODUCT_NAME = "$(TARGET_NAME)";
			};
			name = Debug;
		};
		FA9880F81B41A6E4005CEBF5 /* Release */ = {
			isa = XCBuildConfiguration;
			buildSettings = {
				ASSETCATALOG_COMPILER_APPICON_NAME = AppIcon;
				INFOPLIST_FILE = EveryDo/Info.plist;
				LD_RUNPATH_SEARCH_PATHS = "$(inherited) @executable_path/Frameworks";
				PRODUCT_NAME = "$(TARGET_NAME)";
			};
			name = Release;
		};
		FA9880FA1B41A6E4005CEBF5 /* Debug */ = {
			isa = XCBuildConfiguration;
			buildSettings = {
				BUNDLE_LOADER = "$(TEST_HOST)";
				FRAMEWORK_SEARCH_PATHS = (
					"$(SDKROOT)/Developer/Library/Frameworks",
					"$(inherited)",
				);
				GCC_PREPROCESSOR_DEFINITIONS = (
					"DEBUG=1",
					"$(inherited)",
				);
				INFOPLIST_FILE = EveryDoTests/Info.plist;
				LD_RUNPATH_SEARCH_PATHS = "$(inherited) @executable_path/Frameworks @loader_path/Frameworks";
				PRODUCT_NAME = "$(TARGET_NAME)";
				TEST_HOST = "$(BUILT_PRODUCTS_DIR)/EveryDo.app/EveryDo";
			};
			name = Debug;
		};
		FA9880FB1B41A6E4005CEBF5 /* Release */ = {
			isa = XCBuildConfiguration;
			buildSettings = {
				BUNDLE_LOADER = "$(TEST_HOST)";
				FRAMEWORK_SEARCH_PATHS = (
					"$(SDKROOT)/Developer/Library/Frameworks",
					"$(inherited)",
				);
				INFOPLIST_FILE = EveryDoTests/Info.plist;
				LD_RUNPATH_SEARCH_PATHS = "$(inherited) @executable_path/Frameworks @loader_path/Frameworks";
				PRODUCT_NAME = "$(TARGET_NAME)";
				TEST_HOST = "$(BUILT_PRODUCTS_DIR)/EveryDo.app/EveryDo";
			};
			name = Release;
		};
/* End XCBuildConfiguration section */

/* Begin XCConfigurationList section */
		FA9880C81B41A6E4005CEBF5 /* Build configuration list for PBXProject "EveryDo" */ = {
			isa = XCConfigurationList;
			buildConfigurations = (
				FA9880F41B41A6E4005CEBF5 /* Debug */,
				FA9880F51B41A6E4005CEBF5 /* Release */,
			);
			defaultConfigurationIsVisible = 0;
			defaultConfigurationName = Release;
		};
		FA9880F61B41A6E4005CEBF5 /* Build configuration list for PBXNativeTarget "EveryDo" */ = {
			isa = XCConfigurationList;
			buildConfigurations = (
				FA9880F71B41A6E4005CEBF5 /* Debug */,
				FA9880F81B41A6E4005CEBF5 /* Release */,
			);
			defaultConfigurationIsVisible = 0;
		};
		FA9880F91B41A6E4005CEBF5 /* Build configuration list for PBXNativeTarget "EveryDoTests" */ = {
			isa = XCConfigurationList;
			buildConfigurations = (
				FA9880FA1B41A6E4005CEBF5 /* Debug */,
				FA9880FB1B41A6E4005CEBF5 /* Release */,
			);
			defaultConfigurationIsVisible = 0;
		};
/* End XCConfigurationList section */

/* Begin XCVersionGroup section */
		FA9880D71B41A6E4005CEBF5 /* EveryDo.xcdatamodeld */ = {
			isa = XCVersionGroup;
			children = (
				FA9880D81B41A6E4005CEBF5 /* EveryDo.xcdatamodel */,
			);
			currentVersion = FA9880D81B41A6E4005CEBF5 /* EveryDo.xcdatamodel */;
			path = EveryDo.xcdatamodeld;
			sourceTree = "<group>";
			versionGroupType = wrapper.xcdatamodel;
		};
/* End XCVersionGroup section */
	};
	rootObject = FA9880C51B41A6E4005CEBF5 /* Project object */;
}
